
Microsoft Visual Studio Solution File, Format Version 12.00
# Visual Studio 15
VisualStudioVersion = 15.0.28307.168
MinimumVisualStudioVersion = 10.0.40219.1
Project("{9A19103F-16F7-4668-BE54-9A1E7A4F7556}") = "EchecLibrary", "EchecLibrary\EchecLibrary.csproj", "{29EBC398-57FB-4647-85AA-F1B4A2790770}"
EndProject
Project("{FAE04EC0-301F-11D3-BF4B-00C04F79EFBC}") = "EchecWeb", "EchecWeb\EchecWeb.csproj", "{5E60AD3B-FF63-4145-9576-E1D67BB90D6D}"
EndProject
Global
	GlobalSection(SolutionConfigurationPlatforms) = preSolution
		Debug|Any CPU = Debug|Any CPU
		Release|Any CPU = Release|Any CPU
	EndGlobalSection
	GlobalSection(ProjectConfigurationPlatforms) = postSolution
		{29EBC398-57FB-4647-85AA-F1B4A2790770}.Debug|Any CPU.ActiveCfg = Debug|Any CPU
		{29EBC398-57FB-4647-85AA-F1B4A2790770}.Debug|Any CPU.Build.0 = Debug|Any CPU
		{29EBC398-57FB-4647-85AA-F1B4A2790770}.Release|Any CPU.ActiveCfg = Release|Any CPU
		{29EBC398-57FB-4647-85AA-F1B4A2790770}.Release|Any CPU.Build.0 = Release|Any CPU
		{5E60AD3B-FF63-4145-9576-E1D67BB90D6D}.Debug|Any CPU.ActiveCfg = Debug|Any CPU
		{5E60AD3B-FF63-4145-9576-E1D67BB90D6D}.Debug|Any CPU.Build.0 = Debug|Any CPU
		{5E60AD3B-FF63-4145-9576-E1D67BB90D6D}.Release|Any CPU.ActiveCfg = Release|Any CPU
		{5E60AD3B-FF63-4145-9576-E1D67BB90D6D}.Release|Any CPU.Build.0 = Release|Any CPU
	EndGlobalSection
	GlobalSection(SolutionProperties) = preSolution
		HideSolutionNode = FALSE
	EndGlobalSection
	GlobalSection(ExtensibilityGlobals) = postSolution
		SolutionGuid = {4FC91C65-6E7A-430A-AC23-B7B9530E6F03}
	EndGlobalSection
EndGlobal
